
Microsoft Visual Studio Solution File, Format Version 12.00
# Visual Studio 15
VisualStudioVersion = 15.0.27004.2010
MinimumVisualStudioVersion = 10.0.40219.1
Project("{FAE04EC0-301F-11D3-BF4B-00C04F79EFBC}") = "Quanlybanhang", "Quanlybanhang\Quanlybanhang.csproj", "{6DC961B2-81ED-45F6-AB4B-04C439A15B89}"
EndProject
Global
	GlobalSection(SolutionConfigurationPlatforms) = preSolution
		CD_ROM|Any CPU = CD_ROM|Any CPU
		Debug|Any CPU = Debug|Any CPU
		DVD-5|Any CPU = DVD-5|Any CPU
		Release|Any CPU = Release|Any CPU
		SingleImage|Any CPU = SingleImage|Any CPU
	EndGlobalSection
	GlobalSection(ProjectConfigurationPlatforms) = postSolution
		{6DC961B2-81ED-45F6-AB4B-04C439A15B89}.CD_ROM|Any CPU.ActiveCfg = Release|Any CPU
		{6DC961B2-81ED-45F6-AB4B-04C439A15B89}.CD_ROM|Any CPU.Build.0 = Release|Any CPU
		{6DC961B2-81ED-45F6-AB4B-04C439A15B89}.Debug|Any CPU.ActiveCfg = Debug|Any CPU
		{6DC961B2-81ED-45F6-AB4B-04C439A15B89}.Debug|Any CPU.Build.0 = Debug|Any CPU
		{6DC961B2-81ED-45F6-AB4B-04C439A15B89}.DVD-5|Any CPU.ActiveCfg = Debug|Any CPU
		{6DC961B2-81ED-45F6-AB4B-04C439A15B89}.DVD-5|Any CPU.Build.0 = Debug|Any CPU
		{6DC961B2-81ED-45F6-AB4B-04C439A15B89}.Release|Any CPU.ActiveCfg = Release|Any CPU
		{6DC961B2-81ED-45F6-AB4B-04C439A15B89}.Release|Any CPU.Build.0 = Release|Any CPU
		{6DC961B2-81ED-45F6-AB4B-04C439A15B89}.SingleImage|Any CPU.ActiveCfg = Release|Any CPU
		{6DC961B2-81ED-45F6-AB4B-04C439A15B89}.SingleImage|Any CPU.Build.0 = Release|Any CPU
	EndGlobalSection
	GlobalSection(SolutionProperties) = preSolution
		HideSolutionNode = FALSE
	EndGlobalSection
	GlobalSection(ExtensibilityGlobals) = postSolution
		SolutionGuid = {2CEFF186-BBAB-4F29-BF7D-56356CAA223D}
	EndGlobalSection
EndGlobal
